# @generated by Move, please check-in and do not edit manually.

[move]
version = 3
manifest_digest = "2F4E1FFC788CCE871D65E0FEA9020712C81671D0BD9C0DA76C6756A9E7E1E7C9"
deps_digest = "F8BBB0CCB2491CA29A3DF03D6F92277A4F3574266507ACD77214D37ECA3F3082"
dependencies = [
  { id = "Sui", name = "Sui" },
]

[[move.package]]
id = "MoveStdlib"
source = { git = "https://github.com/MystenLabs/sui.git", rev = "framework/testnet", subdir = "crates/sui-framework/packages/move-stdlib" }

[[move.package]]
id = "Sui"
source = { git = "https://github.com/MystenLabs/sui.git", rev = "framework/testnet", subdir = "crates/sui-framework/packages/sui-framework" }

dependencies = [
  { id = "MoveStdlib", name = "MoveStdlib" },
]

[move.toolchain-version]
compiler-version = "1.49.1"
edition = "2024.beta"
flavor = "sui"

[env]

[env.testnet]
chain-id = "4c78adac"
original-published-id = "0x194be500b92f3fca1c2e0435b1b2a3eb63bf50a0a8927e037beba5b718d91a91"
latest-published-id = "0x194be500b92f3fca1c2e0435b1b2a3eb63bf50a0a8927e037beba5b718d91a91"
published-version = "1"
